{
  "name": "@auth/kysely-adapter",
  "version": "1.10.0",
  "lockfileVersion": 3,
  "requires": true,
  "packages": {
    "": {
      "name": "@auth/kysely-adapter",
      "version": "1.10.0",
      "license": "ISC",
      "dependencies": {
        "@auth/core": "^0.40.0"
      },
      "devDependencies": {
        "@types/pg": "^8.6.5",
        "kysely": "^0.28.0",
        "libsql": "^0.3.18",
        "mysql2": "^3.9.7",
        "pg": "^8.10.0"
      },
      "peerDependencies": {
        "kysely": "^0.28.0"
      }
    },
    "node_modules/@auth/core": {
      "version": "0.40.0",
      "resolved": "https://registry.npmjs.org/@auth/core/-/core-0.40.0.tgz",
      "integrity": "sha512-n53uJE0RH5SqZ7N1xZoMKekbHfQgjd0sAEyUbE+IYJnmuQkbvuZnXItCU7d+i7Fj8VGOgqvNO7Mw4YfBTlZeQw==",
      "license": "ISC",
      "dependencies": {
        "@panva/hkdf": "^1.2.1",
        "jose": "^6.0.6",
        "oauth4webapi": "^3.3.0",
        "preact": "10.24.3",
        "preact-render-to-string": "6.5.11"
      },
      "peerDependencies": {
        "@simplewebauthn/browser": "^9.0.1",
        "@simplewebauthn/server": "^9.0.2",
        "nodemailer": "^6.8.0"
      },
      "peerDependenciesMeta": {
        "@simplewebauthn/browser": {
          "optional": true
        },
        "@simplewebauthn/server": {
          "optional": true
        },
        "nodemailer": {
          "optional": true
        }
      }
    },
    "node_modules/@libsql/darwin-arm64": {
      "version": "0.3.19",
      "resolved": "https://registry.npmjs.org/@libsql/darwin-arm64/-/darwin-arm64-0.3.19.tgz",
      "integrity": "sha512-rmOqsLcDI65zzxlUOoEiPJLhqmbFsZF6p4UJQ2kMqB+Kc0Rt5/A1OAdOZ/Wo8fQfJWjR1IbkbpEINFioyKf+nQ==",
      "cpu": [
        "arm64"
      ],
      "dev": true,
      "license": "MIT",
      "optional": true,
      "os": [
        "darwin"
      ]
    },
    "node_modules/@libsql/darwin-x64": {
      "version": "0.3.19",
      "resolved": "https://registry.npmjs.org/@libsql/darwin-x64/-/darwin-x64-0.3.19.tgz",
      "integrity": "sha512-q9O55B646zU+644SMmOQL3FIfpmEvdWpRpzubwFc2trsa+zoBlSkHuzU9v/C+UNoPHQVRMP7KQctJ455I/h/xw==",
      "cpu": [
        "x64"
      ],
      "dev": true,
      "license": "MIT",
      "optional": true,
      "os": [
        "darwin"
      ]
    },
    "node_modules/@libsql/linux-arm64-gnu": {
      "version": "0.3.19",
      "resolved": "https://registry.npmjs.org/@libsql/linux-arm64-gnu/-/linux-arm64-gnu-0.3.19.tgz",
      "integrity": "sha512-mgeAUU1oqqh57k7I3cQyU6Trpdsdt607eFyEmH5QO7dv303ti+LjUvh1pp21QWV6WX7wZyjeJV1/VzEImB+jRg==",
      "cpu": [
        "arm64"
      ],
      "dev": true,
      "license": "MIT",
      "optional": true,
      "os": [
        "linux"
      ]
    },
    "node_modules/@libsql/linux-arm64-musl": {
      "version": "0.3.19",
      "resolved": "https://registry.npmjs.org/@libsql/linux-arm64-musl/-/linux-arm64-musl-0.3.19.tgz",
      "integrity": "sha512-VEZtxghyK6zwGzU9PHohvNxthruSxBEnRrX7BSL5jQ62tN4n2JNepJ6SdzXp70pdzTfwroOj/eMwiPt94gkVRg==",
      "cpu": [
        "arm64"
      ],
      "dev": true,
      "license": "MIT",
      "optional": true,
      "os": [
        "linux"
      ]
    },
    "node_modules/@libsql/linux-x64-gnu": {
      "version": "0.3.19",
      "resolved": "https://registry.npmjs.org/@libsql/linux-x64-gnu/-/linux-x64-gnu-0.3.19.tgz",
      "integrity": "sha512-2t/J7LD5w2f63wGihEO+0GxfTyYIyLGEvTFEsMO16XI5o7IS9vcSHrxsvAJs4w2Pf907uDjmc7fUfMg6L82BrQ==",
      "cpu": [
        "x64"
      ],
      "dev": true,
      "license": "MIT",
      "optional": true,
      "os": [
        "linux"
      ]
    },
    "node_modules/@libsql/linux-x64-musl": {
      "version": "0.3.19",
      "resolved": "https://registry.npmjs.org/@libsql/linux-x64-musl/-/linux-x64-musl-0.3.19.tgz",
      "integrity": "sha512-BLsXyJaL8gZD8+3W2LU08lDEd9MIgGds0yPy5iNPp8tfhXx3pV/Fge2GErN0FC+nzt4DYQtjL+A9GUMglQefXQ==",
      "cpu": [
        "x64"
      ],
      "dev": true,
      "license": "MIT",
      "optional": true,
      "os": [
        "linux"
      ]
    },
    "node_modules/@libsql/win32-x64-msvc": {
      "version": "0.3.19",
      "resolved": "https://registry.npmjs.org/@libsql/win32-x64-msvc/-/win32-x64-msvc-0.3.19.tgz",
      "integrity": "sha512-ay1X9AobE4BpzG0XPw1gplyLZPGHIgJOovvW23gUrukRegiUP62uzhpRbKNogLlUOynyXeq//prHgPXiebUfWg==",
      "cpu": [
        "x64"
      ],
      "dev": true,
      "license": "MIT",
      "optional": true,
      "os": [
        "win32"
      ]
    },
    "node_modules/@neon-rs/load": {
      "version": "0.0.4",
      "resolved": "https://registry.npmjs.org/@neon-rs/load/-/load-0.0.4.tgz",
      "integrity": "sha512-kTPhdZyTQxB+2wpiRcFWrDcejc4JI6tkPuS7UZCG4l6Zvc5kU/gGQ/ozvHTh1XR5tS+UlfAfGuPajjzQjCiHCw==",
      "dev": true,
      "license": "MIT"
    },
    "node_modules/@panva/hkdf": {
      "version": "1.2.1",
      "resolved": "https://registry.npmjs.org/@panva/hkdf/-/hkdf-1.2.1.tgz",
      "integrity": "sha512-6oclG6Y3PiDFcoyk8srjLfVKyMfVCKJ27JwNPViuXziFpmdz+MZnZN/aKY0JGXgYuO/VghU0jcOAZgWXZ1Dmrw==",
      "license": "MIT",
      "funding": {
        "url": "https://github.com/sponsors/panva"
      }
    },
    "node_modules/@types/node": {
      "version": "24.0.15",
      "resolved": "https://registry.npmjs.org/@types/node/-/node-24.0.15.tgz",
      "integrity": "sha512-oaeTSbCef7U/z7rDeJA138xpG3NuKc64/rZ2qmUFkFJmnMsAPaluIifqyWd8hSSMxyP9oie3dLAqYPblag9KgA==",
      "dev": true,
      "license": "MIT",
      "dependencies": {
        "undici-types": "~7.8.0"
      }
    },
    "node_modules/@types/pg": {
      "version": "8.15.4",
      "resolved": "https://registry.npmjs.org/@types/pg/-/pg-8.15.4.tgz",
      "integrity": "sha512-I6UNVBAoYbvuWkkU3oosC8yxqH21f4/Jc4DK71JLG3dT2mdlGe1z+ep/LQGXaKaOgcvUrsQoPRqfgtMcvZiJhg==",
      "dev": true,
      "license": "MIT",
      "dependencies": {
        "@types/node": "*",
        "pg-protocol": "*",
        "pg-types": "^2.2.0"
      }
    },
    "node_modules/aws-ssl-profiles": {
      "version": "1.1.2",
      "resolved": "https://registry.npmjs.org/aws-ssl-profiles/-/aws-ssl-profiles-1.1.2.tgz",
      "integrity": "sha512-NZKeq9AfyQvEeNlN0zSYAaWrmBffJh3IELMZfRpJVWgrpEbtEpnjvzqBPf+mxoI287JohRDoa+/nsfqqiZmF6g==",
      "dev": true,
      "license": "MIT",
      "engines": {
        "node": ">= 6.0.0"
      }
    },
    "node_modules/denque": {
      "version": "2.1.0",
      "resolved": "https://registry.npmjs.org/denque/-/denque-2.1.0.tgz",
      "integrity": "sha512-HVQE3AAb/pxF8fQAoiqpvg9i3evqug3hoiwakOyZAwJm+6vZehbkYXZ0l4JxS+I3QxM97v5aaRNhj8v5oBhekw==",
      "dev": true,
      "license": "Apache-2.0",
      "engines": {
        "node": ">=0.10"
      }
    },
    "node_modules/detect-libc": {
      "version": "2.0.2",
      "resolved": "https://registry.npmjs.org/detect-libc/-/detect-libc-2.0.2.tgz",
      "integrity": "sha512-UX6sGumvvqSaXgdKGUsgZWqcUyIXZ/vZTrlRT/iobiKhGL0zL4d3osHj3uqllWJK+i+sixDS/3COVEOFbupFyw==",
      "dev": true,
      "license": "Apache-2.0",
      "engines": {
        "node": ">=8"
      }
    },
    "node_modules/generate-function": {
      "version": "2.3.1",
      "resolved": "https://registry.npmjs.org/generate-function/-/generate-function-2.3.1.tgz",
      "integrity": "sha512-eeB5GfMNeevm/GRYq20ShmsaGcmI81kIX2K9XQx5miC8KdHaC6Jm0qQ8ZNeGOi7wYB8OsdxKs+Y2oVuTFuVwKQ==",
      "dev": true,
      "license": "MIT",
      "dependencies": {
        "is-property": "^1.0.2"
      }
    },
    "node_modules/iconv-lite": {
      "version": "0.6.3",
      "resolved": "https://registry.npmjs.org/iconv-lite/-/iconv-lite-0.6.3.tgz",
      "integrity": "sha512-4fCk79wshMdzMp2rH06qWrJE4iolqLhCUH+OiuIgU++RB0+94NlDL81atO7GX55uUKueo0txHNtvEyI6D7WdMw==",
      "dev": true,
      "license": "MIT",
      "dependencies": {
        "safer-buffer": ">= 2.1.2 < 3.0.0"
      },
      "engines": {
        "node": ">=0.10.0"
      }
    },
    "node_modules/is-property": {
      "version": "1.0.2",
      "resolved": "https://registry.npmjs.org/is-property/-/is-property-1.0.2.tgz",
      "integrity": "sha512-Ks/IoX00TtClbGQr4TWXemAnktAQvYB7HzcCxDGqEZU6oCmb2INHuOoKxbtR+HFkmYWBKv/dOZtGRiAjDhj92g==",
      "dev": true,
      "license": "MIT"
    },
    "node_modules/jose": {
      "version": "6.0.12",
      "resolved": "https://registry.npmjs.org/jose/-/jose-6.0.12.tgz",
      "integrity": "sha512-T8xypXs8CpmiIi78k0E+Lk7T2zlK4zDyg+o1CZ4AkOHgDg98ogdP2BeZ61lTFKFyoEwJ9RgAgN+SdM3iPgNonQ==",
      "license": "MIT",
      "funding": {
        "url": "https://github.com/sponsors/panva"
      }
    },
    "node_modules/kysely": {
      "version": "0.28.3",
      "resolved": "https://registry.npmjs.org/kysely/-/kysely-0.28.3.tgz",
      "integrity": "sha512-svKnkSH72APRdjfVCCOknxaC9Eb3nA2StHG9d5/sKOqRvHRp2Dtf1XwDvc92b4B5v6LV+EAGWXQbZ5jMOvHaDw==",
      "dev": true,
      "license": "MIT",
      "engines": {
        "node": ">=20.0.0"
      }
    },
    "node_modules/libsql": {
      "version": "0.3.19",
      "resolved": "https://registry.npmjs.org/libsql/-/libsql-0.3.19.tgz",
      "integrity": "sha512-Aj5cQ5uk/6fHdmeW0TiXK42FqUlwx7ytmMLPSaUQPin5HKKKuUPD62MAbN4OEweGBBI7q1BekoEN4gPUEL6MZA==",
      "cpu": [
        "x64",
        "arm64",
        "wasm32"
      ],
      "dev": true,
      "license": "MIT",
      "os": [
        "darwin",
        "linux",
        "win32"
      ],
      "dependencies": {
        "@neon-rs/load": "^0.0.4",
        "detect-libc": "2.0.2",
        "libsql": "^0.3.15"
      },
      "optionalDependencies": {
        "@libsql/darwin-arm64": "0.3.19",
        "@libsql/darwin-x64": "0.3.19",
        "@libsql/linux-arm64-gnu": "0.3.19",
        "@libsql/linux-arm64-musl": "0.3.19",
        "@libsql/linux-x64-gnu": "0.3.19",
        "@libsql/linux-x64-musl": "0.3.19",
        "@libsql/win32-x64-msvc": "0.3.19"
      }
    },
    "node_modules/long": {
      "version": "5.3.2",
      "resolved": "https://registry.npmjs.org/long/-/long-5.3.2.tgz",
      "integrity": "sha512-mNAgZ1GmyNhD7AuqnTG3/VQ26o760+ZYBPKjPvugO8+nLbYfX6TVpJPseBvopbdY+qpZ/lKUnmEc1LeZYS3QAA==",
      "dev": true,
      "license": "Apache-2.0"
    },
    "node_modules/lru-cache": {
      "version": "7.18.3",
      "resolved": "https://registry.npmjs.org/lru-cache/-/lru-cache-7.18.3.tgz",
      "integrity": "sha512-jumlc0BIUrS3qJGgIkWZsyfAM7NCWiBcCDhnd+3NNM5KbBmLTgHVfWBcg6W+rLUsIpzpERPsvwUP7CckAQSOoA==",
      "dev": true,
      "license": "ISC",
      "engines": {
        "node": ">=12"
      }
    },
    "node_modules/lru.min": {
      "version": "1.1.2",
      "resolved": "https://registry.npmjs.org/lru.min/-/lru.min-1.1.2.tgz",
      "integrity": "sha512-Nv9KddBcQSlQopmBHXSsZVY5xsdlZkdH/Iey0BlcBYggMd4two7cZnKOK9vmy3nY0O5RGH99z1PCeTpPqszUYg==",
      "dev": true,
      "license": "MIT",
      "engines": {
        "bun": ">=1.0.0",
        "deno": ">=1.30.0",
        "node": ">=8.0.0"
      },
      "funding": {
        "type": "github",
        "url": "https://github.com/sponsors/wellwelwel"
      }
    },
    "node_modules/mysql2": {
      "version": "3.14.2",
      "resolved": "https://registry.npmjs.org/mysql2/-/mysql2-3.14.2.tgz",
      "integrity": "sha512-YD6mZMeoypmheHT6b2BrVmQFvouEpRICuvPIREulx2OvP1xAxxeqkMQqZSTBefv0PiOBKGYFa2zQtY+gf/4eQw==",
      "dev": true,
      "license": "MIT",
      "dependencies": {
        "aws-ssl-profiles": "^1.1.1",
        "denque": "^2.1.0",
        "generate-function": "^2.3.1",
        "iconv-lite": "^0.6.3",
        "long": "^5.2.1",
        "lru.min": "^1.0.0",
        "named-placeholders": "^1.1.3",
        "seq-queue": "^0.0.5",
        "sqlstring": "^2.3.2"
      },
      "engines": {
        "node": ">= 8.0"
      }
    },
    "node_modules/named-placeholders": {
      "version": "1.1.3",
      "resolved": "https://registry.npmjs.org/named-placeholders/-/named-placeholders-1.1.3.tgz",
      "integrity": "sha512-eLoBxg6wE/rZkJPhU/xRX1WTpkFEwDJEN96oxFrTsqBdbT5ec295Q+CoHrL9IT0DipqKhmGcaZmwOt8OON5x1w==",
      "dev": true,
      "license": "MIT",
      "dependencies": {
        "lru-cache": "^7.14.1"
      },
      "engines": {
        "node": ">=12.0.0"
      }
    },
    "node_modules/oauth4webapi": {
      "version": "3.6.0",
      "resolved": "https://registry.npmjs.org/oauth4webapi/-/oauth4webapi-3.6.0.tgz",
      "integrity": "sha512-OwXPTXjKPOldTpAa19oksrX9TYHA0rt+VcUFTkJ7QKwgmevPpNm9Cn5vFZUtIo96FiU6AfPuUUGzoXqgOzibWg==",
      "license": "MIT",
      "funding": {
        "url": "https://github.com/sponsors/panva"
      }
    },
    "node_modules/pg": {
      "version": "8.16.3",
      "resolved": "https://registry.npmjs.org/pg/-/pg-8.16.3.tgz",
      "integrity": "sha512-enxc1h0jA/aq5oSDMvqyW3q89ra6XIIDZgCX9vkMrnz5DFTw/Ny3Li2lFQ+pt3L6MCgm/5o2o8HW9hiJji+xvw==",
      "dev": true,
      "license": "MIT",
      "dependencies": {
        "pg-connection-string": "^2.9.1",
        "pg-pool": "^3.10.1",
        "pg-protocol": "^1.10.3",
        "pg-types": "2.2.0",
        "pgpass": "1.0.5"
      },
      "engines": {
        "node": ">= 16.0.0"
      },
      "optionalDependencies": {
        "pg-cloudflare": "^1.2.7"
      },
      "peerDependencies": {
        "pg-native": ">=3.0.1"
      },
      "peerDependenciesMeta": {
        "pg-native": {
          "optional": true
        }
      }
    },
    "node_modules/pg-cloudflare": {
      "version": "1.2.7",
      "resolved": "https://registry.npmjs.org/pg-cloudflare/-/pg-cloudflare-1.2.7.tgz",
      "integrity": "sha512-YgCtzMH0ptvZJslLM1ffsY4EuGaU0cx4XSdXLRFae8bPP4dS5xL1tNB3k2o/N64cHJpwU7dxKli/nZ2lUa5fLg==",
      "dev": true,
      "license": "MIT",
      "optional": true
    },
    "node_modules/pg-connection-string": {
      "version": "2.9.1",
      "resolved": "https://registry.npmjs.org/pg-connection-string/-/pg-connection-string-2.9.1.tgz",
      "integrity": "sha512-nkc6NpDcvPVpZXxrreI/FOtX3XemeLl8E0qFr6F2Lrm/I8WOnaWNhIPK2Z7OHpw7gh5XJThi6j6ppgNoaT1w4w==",
      "dev": true,
      "license": "MIT"
    },
    "node_modules/pg-int8": {
      "version": "1.0.1",
      "resolved": "https://registry.npmjs.org/pg-int8/-/pg-int8-1.0.1.tgz",
      "integrity": "sha512-WCtabS6t3c8SkpDBUlb1kjOs7l66xsGdKpIPZsg4wR+B3+u9UAum2odSsF9tnvxg80h4ZxLWMy4pRjOsFIqQpw==",
      "dev": true,
      "license": "ISC",
      "engines": {
        "node": ">=4.0.0"
      }
    },
    "node_modules/pg-pool": {
      "version": "3.10.1",
      "resolved": "https://registry.npmjs.org/pg-pool/-/pg-pool-3.10.1.tgz",
      "integrity": "sha512-Tu8jMlcX+9d8+QVzKIvM/uJtp07PKr82IUOYEphaWcoBhIYkoHpLXN3qO59nAI11ripznDsEzEv8nUxBVWajGg==",
      "dev": true,
      "license": "MIT",
      "peerDependencies": {
        "pg": ">=8.0"
      }
    },
    "node_modules/pg-protocol": {
      "version": "1.10.3",
      "resolved": "https://registry.npmjs.org/pg-protocol/-/pg-protocol-1.10.3.tgz",
      "integrity": "sha512-6DIBgBQaTKDJyxnXaLiLR8wBpQQcGWuAESkRBX/t6OwA8YsqP+iVSiond2EDy6Y/dsGk8rh/jtax3js5NeV7JQ==",
      "dev": true,
      "license": "MIT"
    },
    "node_modules/pg-types": {
      "version": "2.2.0",
      "resolved": "https://registry.npmjs.org/pg-types/-/pg-types-2.2.0.tgz",
      "integrity": "sha512-qTAAlrEsl8s4OiEQY69wDvcMIdQN6wdz5ojQiOy6YRMuynxenON0O5oCpJI6lshc6scgAY8qvJ2On/p+CXY0GA==",
      "dev": true,
      "license": "MIT",
      "dependencies": {
        "pg-int8": "1.0.1",
        "postgres-array": "~2.0.0",
        "postgres-bytea": "~1.0.0",
        "postgres-date": "~1.0.4",
        "postgres-interval": "^1.1.0"
      },
      "engines": {
        "node": ">=4"
      }
    },
    "node_modules/pgpass": {
      "version": "1.0.5",
      "resolved": "https://registry.npmjs.org/pgpass/-/pgpass-1.0.5.tgz",
      "integrity": "sha512-FdW9r/jQZhSeohs1Z3sI1yxFQNFvMcnmfuj4WBMUTxOrAyLMaTcE1aAMBiTlbMNaXvBCQuVi0R7hd8udDSP7ug==",
      "dev": true,
      "license": "MIT",
      "dependencies": {
        "split2": "^4.1.0"
      }
    },
    "node_modules/postgres-array": {
      "version": "2.0.0",
      "resolved": "https://registry.npmjs.org/postgres-array/-/postgres-array-2.0.0.tgz",
      "integrity": "sha512-VpZrUqU5A69eQyW2c5CA1jtLecCsN2U/bD6VilrFDWq5+5UIEVO7nazS3TEcHf1zuPYO/sqGvUvW62g86RXZuA==",
      "dev": true,
      "license": "MIT",
      "engines": {
        "node": ">=4"
      }
    },
    "node_modules/postgres-bytea": {
      "version": "1.0.0",
      "resolved": "https://registry.npmjs.org/postgres-bytea/-/postgres-bytea-1.0.0.tgz",
      "integrity": "sha512-xy3pmLuQqRBZBXDULy7KbaitYqLcmxigw14Q5sj8QBVLqEwXfeybIKVWiqAXTlcvdvb0+xkOtDbfQMOf4lST1w==",
      "dev": true,
      "license": "MIT",
      "engines": {
        "node": ">=0.10.0"
      }
    },
    "node_modules/postgres-date": {
      "version": "1.0.7",
      "resolved": "https://registry.npmjs.org/postgres-date/-/postgres-date-1.0.7.tgz",
      "integrity": "sha512-suDmjLVQg78nMK2UZ454hAG+OAW+HQPZ6n++TNDUX+L0+uUlLywnoxJKDou51Zm+zTCjrCl0Nq6J9C5hP9vK/Q==",
      "dev": true,
      "license": "MIT",
      "engines": {
        "node": ">=0.10.0"
      }
    },
    "node_modules/postgres-interval": {
      "version": "1.2.0",
      "resolved": "https://registry.npmjs.org/postgres-interval/-/postgres-interval-1.2.0.tgz",
      "integrity": "sha512-9ZhXKM/rw350N1ovuWHbGxnGh/SNJ4cnxHiM0rxE4VN41wsg8P8zWn9hv/buK00RP4WvlOyr/RBDiptyxVbkZQ==",
      "dev": true,
      "license": "MIT",
      "dependencies": {
        "xtend": "^4.0.0"
      },
      "engines": {
        "node": ">=0.10.0"
      }
    },
    "node_modules/preact": {
      "version": "10.24.3",
      "resolved": "https://registry.npmjs.org/preact/-/preact-10.24.3.tgz",
      "integrity": "sha512-Z2dPnBnMUfyQfSQ+GBdsGa16hz35YmLmtTLhM169uW944hYL6xzTYkJjC07j+Wosz733pMWx0fgON3JNw1jJQA==",
      "license": "MIT",
      "funding": {
        "type": "opencollective",
        "url": "https://opencollective.com/preact"
      }
    },
    "node_modules/preact-render-to-string": {
      "version": "6.5.11",
      "resolved": "https://registry.npmjs.org/preact-render-to-string/-/preact-render-to-string-6.5.11.tgz",
      "integrity": "sha512-ubnauqoGczeGISiOh6RjX0/cdaF8v/oDXIjO85XALCQjwQP+SB4RDXXtvZ6yTYSjG+PC1QRP2AhPgCEsM2EvUw==",
      "license": "MIT",
      "peerDependencies": {
        "preact": ">=10"
      }
    },
    "node_modules/safer-buffer": {
      "version": "2.1.2",
      "resolved": "https://registry.npmjs.org/safer-buffer/-/safer-buffer-2.1.2.tgz",
      "integrity": "sha512-YZo3K82SD7Riyi0E1EQPojLz7kpepnSQI9IyPbHHg1XXXevb5dJI7tpyN2ADxGcQbHG7vcyRHk0cbwqcQriUtg==",
      "dev": true,
      "license": "MIT"
    },
    "node_modules/seq-queue": {
      "version": "0.0.5",
      "resolved": "https://registry.npmjs.org/seq-queue/-/seq-queue-0.0.5.tgz",
      "integrity": "sha512-hr3Wtp/GZIc/6DAGPDcV4/9WoZhjrkXsi5B/07QgX8tsdc6ilr7BFM6PM6rbdAX1kFSDYeZGLipIZZKyQP0O5Q==",
      "dev": true
    },
    "node_modules/split2": {
      "version": "4.2.0",
      "resolved": "https://registry.npmjs.org/split2/-/split2-4.2.0.tgz",
      "integrity": "sha512-UcjcJOWknrNkF6PLX83qcHM6KHgVKNkV62Y8a5uYDVv9ydGQVwAHMKqHdJje1VTWpljG0WYpCDhrCdAOYH4TWg==",
      "dev": true,
      "license": "ISC",
      "engines": {
        "node": ">= 10.x"
      }
    },
    "node_modules/sqlstring": {
      "version": "2.3.3",
      "resolved": "https://registry.npmjs.org/sqlstring/-/sqlstring-2.3.3.tgz",
      "integrity": "sha512-qC9iz2FlN7DQl3+wjwn3802RTyjCx7sDvfQEXchwa6CWOx07/WVfh91gBmQ9fahw8snwGEWU3xGzOt4tFyHLxg==",
      "dev": true,
      "license": "MIT",
      "engines": {
        "node": ">= 0.6"
      }
    },
    "node_modules/undici-types": {
      "version": "7.8.0",
      "resolved": "https://registry.npmjs.org/undici-types/-/undici-types-7.8.0.tgz",
      "integrity": "sha512-9UJ2xGDvQ43tYyVMpuHlsgApydB8ZKfVYTsLDhXkFL/6gfkp+U8xTGdh8pMJv1SpZna0zxG1DwsKZsreLbXBxw==",
      "dev": true,
      "license": "MIT"
    },
    "node_modules/xtend": {
      "version": "4.0.2",
      "resolved": "https://registry.npmjs.org/xtend/-/xtend-4.0.2.tgz",
      "integrity": "sha512-LKYU1iAXJXUgAXn9URjiu+MWhyUXHsvfp7mcuYm9dSUKK0/CjtrUwFAxD82/mCWbtLsGjFIad0wIsod4zrTAEQ==",
      "dev": true,
      "license": "MIT",
      "engines": {
        "node": ">=0.4"
      }
    }
  }
}
